
Microsoft Visual Studio Solution File, Format Version 12.00
# Visual Studio 15
VisualStudioVersion = 15.0.27703.2035
MinimumVisualStudioVersion = 10.0.40219.1
Project("{8BC9CEB8-8B4A-11D0-8D11-00A0C91BC942}") = "LinkedListRingDetector", "LinkedListRingDetector\LinkedListRingDetector.vcxproj", "{0171C273-3DEF-4EFC-BE2D-ED1F3DD5122E}"
EndProject
Global
	GlobalSection(SolutionConfigurationPlatforms) = preSolution
		Debug|x64 = Debug|x64
		Debug|x86 = Debug|x86
		Release|x64 = Release|x64
		Release|x86 = Release|x86
	EndGlobalSection
	GlobalSection(ProjectConfigurationPlatforms) = postSolution
		{0171C273-3DEF-4EFC-BE2D-ED1F3DD5122E}.Debug|x64.ActiveCfg = Debug|x64
		{0171C273-3DEF-4EFC-BE2D-ED1F3DD5122E}.Debug|x64.Build.0 = Debug|x64
		{0171C273-3DEF-4EFC-BE2D-ED1F3DD5122E}.Debug|x86.ActiveCfg = Debug|Win32
		{0171C273-3DEF-4EFC-BE2D-ED1F3DD5122E}.Debug|x86.Build.0 = Debug|Win32
		{0171C273-3DEF-4EFC-BE2D-ED1F3DD5122E}.Release|x64.ActiveCfg = Release|x64
		{0171C273-3DEF-4EFC-BE2D-ED1F3DD5122E}.Release|x64.Build.0 = Release|x64
		{0171C273-3DEF-4EFC-BE2D-ED1F3DD5122E}.Release|x86.ActiveCfg = Release|Win32
		{0171C273-3DEF-4EFC-BE2D-ED1F3DD5122E}.Release|x86.Build.0 = Release|Win32
	EndGlobalSection
	GlobalSection(SolutionProperties) = preSolution
		HideSolutionNode = FALSE
	EndGlobalSection
	GlobalSection(ExtensibilityGlobals) = postSolution
		SolutionGuid = {AFD3F7D0-E873-46BE-9D4A-1BC43C579E1E}
	EndGlobalSection
EndGlobal
